
Microsoft Visual Studio Solution File, Format Version 12.00
# Visual Studio Version 16
VisualStudioVersion = 16.0.34031.81
MinimumVisualStudioVersion = 10.0.40219.1
Project("{FAE04EC0-301F-11D3-BF4B-00C04F79EFBC}") = "BT5", "BT5\BT5.csproj", "{DD629AE3-0FBD-4EDD-BF5B-ECE0F5560643}"
EndProject
Global
	GlobalSection(SolutionConfigurationPlatforms) = preSolution
		Debug|Any CPU = Debug|Any CPU
		Release|Any CPU = Release|Any CPU
	EndGlobalSection
	GlobalSection(ProjectConfigurationPlatforms) = postSolution
		{DD629AE3-0FBD-4EDD-BF5B-ECE0F5560643}.Debug|Any CPU.ActiveCfg = Debug|Any CPU
		{DD629AE3-0FBD-4EDD-BF5B-ECE0F5560643}.Debug|Any CPU.Build.0 = Debug|Any CPU
		{DD629AE3-0FBD-4EDD-BF5B-ECE0F5560643}.Release|Any CPU.ActiveCfg = Release|Any CPU
		{DD629AE3-0FBD-4EDD-BF5B-ECE0F5560643}.Release|Any CPU.Build.0 = Release|Any CPU
	EndGlobalSection
	GlobalSection(SolutionProperties) = preSolution
		HideSolutionNode = FALSE
	EndGlobalSection
	GlobalSection(ExtensibilityGlobals) = postSolution
		SolutionGuid = {51BDF5FB-2AD0-4775-83FB-1912AD410053}
	EndGlobalSection
EndGlobal
